
Microsoft Visual Studio Solution File, Format Version 12.00
# Visual Studio Version 16
VisualStudioVersion = 16.0.31019.35
MinimumVisualStudioVersion = 10.0.40219.1
Project("{FAE04EC0-301F-11D3-BF4B-00C04F79EFBC}") = "RestaurantRater", "RestaurantRater\RestaurantRater.csproj", "{11D3F16B-2AC3-46A7-A255-453A33A407FE}"
EndProject
Global
	GlobalSection(SolutionConfigurationPlatforms) = preSolution
		Debug|Any CPU = Debug|Any CPU
		Release|Any CPU = Release|Any CPU
	EndGlobalSection
	GlobalSection(ProjectConfigurationPlatforms) = postSolution
		{11D3F16B-2AC3-46A7-A255-453A33A407FE}.Debug|Any CPU.ActiveCfg = Debug|Any CPU
		{11D3F16B-2AC3-46A7-A255-453A33A407FE}.Debug|Any CPU.Build.0 = Debug|Any CPU
		{11D3F16B-2AC3-46A7-A255-453A33A407FE}.Release|Any CPU.ActiveCfg = Release|Any CPU
		{11D3F16B-2AC3-46A7-A255-453A33A407FE}.Release|Any CPU.Build.0 = Release|Any CPU
	EndGlobalSection
	GlobalSection(SolutionProperties) = preSolution
		HideSolutionNode = FALSE
	EndGlobalSection
	GlobalSection(ExtensibilityGlobals) = postSolution
		SolutionGuid = {AC39E1EA-DE58-47AE-AD10-DD090A4C9124}
	EndGlobalSection
EndGlobal
